
Microsoft Visual Studio Solution File, Format Version 12.00
# Visual Studio Version 17
VisualStudioVersion = 17.12.35527.113
MinimumVisualStudioVersion = 10.0.40219.1
Project("{2150E333-8FDC-42A3-9474-1A3956D46DE8}") = "API", "API", "{30934E55-0E69-43F8-8500-2FDEC6924356}"
EndProject
Project("{FAE04EC0-301F-11D3-BF4B-00C04F79EFBC}") = "LocationApp.Account", "LocationApp.Account\LocationApp.Account.csproj", "{2D508F15-BE49-418F-9815-B11F57F7D063}"
	ProjectSection(ProjectDependencies) = postProject
		{9ADE9ED6-7DCF-42B2-BE48-B79C899D0A9D} = {9ADE9ED6-7DCF-42B2-BE48-B79C899D0A9D}
		{FEBF084F-F7A2-43DE-B274-13CFB702CA09} = {FEBF084F-F7A2-43DE-B274-13CFB702CA09}
	EndProjectSection
EndProject
Project("{2150E333-8FDC-42A3-9474-1A3956D46DE8}") = "Shared", "Shared", "{DE6D069E-D75E-4FF1-B859-18AC37285D99}"
EndProject
Project("{FAE04EC0-301F-11D3-BF4B-00C04F79EFBC}") = "LocationApp.Model", "LocationApp.Model\LocationApp.Model.csproj", "{AB332EC5-A3BA-419A-BF62-4635B9C8F2E1}"
EndProject
Project("{FAE04EC0-301F-11D3-BF4B-00C04F79EFBC}") = "LocationApp.Repository", "LocationApp.Repository\LocationApp.Repository.csproj", "{9ADE9ED6-7DCF-42B2-BE48-B79C899D0A9D}"
	ProjectSection(ProjectDependencies) = postProject
		{AB332EC5-A3BA-419A-BF62-4635B9C8F2E1} = {AB332EC5-A3BA-419A-BF62-4635B9C8F2E1}
	EndProjectSection
EndProject
Project("{FAE04EC0-301F-11D3-BF4B-00C04F79EFBC}") = "LocationApp.Services", "LocationApp.Services\LocationApp.Services.csproj", "{FEBF084F-F7A2-43DE-B274-13CFB702CA09}"
	ProjectSection(ProjectDependencies) = postProject
		{9ADE9ED6-7DCF-42B2-BE48-B79C899D0A9D} = {9ADE9ED6-7DCF-42B2-BE48-B79C899D0A9D}
		{AB332EC5-A3BA-419A-BF62-4635B9C8F2E1} = {AB332EC5-A3BA-419A-BF62-4635B9C8F2E1}
	EndProjectSection
EndProject
Project("{FAE04EC0-301F-11D3-BF4B-00C04F79EFBC}") = "LocationApp.Location", "LocationApp.Location\LocationApp.Location.csproj", "{D3362253-A22C-484F-91D0-D04107418435}"
	ProjectSection(ProjectDependencies) = postProject
		{9ADE9ED6-7DCF-42B2-BE48-B79C899D0A9D} = {9ADE9ED6-7DCF-42B2-BE48-B79C899D0A9D}
		{AB332EC5-A3BA-419A-BF62-4635B9C8F2E1} = {AB332EC5-A3BA-419A-BF62-4635B9C8F2E1}
		{FEBF084F-F7A2-43DE-B274-13CFB702CA09} = {FEBF084F-F7A2-43DE-B274-13CFB702CA09}
	EndProjectSection
EndProject
Project("{2150E333-8FDC-42A3-9474-1A3956D46DE8}") = "SignalR", "SignalR", "{2B1923F5-EB8A-46DF-92FC-239E7BE5ED35}"
EndProject
Project("{FAE04EC0-301F-11D3-BF4B-00C04F79EFBC}") = "LocationApp.Console", "LocationApp.Console\LocationApp.Console.csproj", "{794792CA-C2BA-41E1-BA6F-BC7BA4129D9A}"
EndProject
Project("{FAE04EC0-301F-11D3-BF4B-00C04F79EFBC}") = "LocationApp.Hub", "LocationApp.Hub\LocationApp.Hub.csproj", "{2E61D287-88D5-4327-B145-12FEBBD4106B}"
EndProject
Global
	GlobalSection(SolutionConfigurationPlatforms) = preSolution
		Debug|Any CPU = Debug|Any CPU
		Release|Any CPU = Release|Any CPU
	EndGlobalSection
	GlobalSection(ProjectConfigurationPlatforms) = postSolution
		{2D508F15-BE49-418F-9815-B11F57F7D063}.Debug|Any CPU.ActiveCfg = Debug|Any CPU
		{2D508F15-BE49-418F-9815-B11F57F7D063}.Debug|Any CPU.Build.0 = Debug|Any CPU
		{2D508F15-BE49-418F-9815-B11F57F7D063}.Release|Any CPU.ActiveCfg = Release|Any CPU
		{2D508F15-BE49-418F-9815-B11F57F7D063}.Release|Any CPU.Build.0 = Release|Any CPU
		{AB332EC5-A3BA-419A-BF62-4635B9C8F2E1}.Debug|Any CPU.ActiveCfg = Debug|Any CPU
		{AB332EC5-A3BA-419A-BF62-4635B9C8F2E1}.Debug|Any CPU.Build.0 = Debug|Any CPU
		{AB332EC5-A3BA-419A-BF62-4635B9C8F2E1}.Release|Any CPU.ActiveCfg = Release|Any CPU
		{AB332EC5-A3BA-419A-BF62-4635B9C8F2E1}.Release|Any CPU.Build.0 = Release|Any CPU
		{9ADE9ED6-7DCF-42B2-BE48-B79C899D0A9D}.Debug|Any CPU.ActiveCfg = Debug|Any CPU
		{9ADE9ED6-7DCF-42B2-BE48-B79C899D0A9D}.Debug|Any CPU.Build.0 = Debug|Any CPU
		{9ADE9ED6-7DCF-42B2-BE48-B79C899D0A9D}.Release|Any CPU.ActiveCfg = Release|Any CPU
		{9ADE9ED6-7DCF-42B2-BE48-B79C899D0A9D}.Release|Any CPU.Build.0 = Release|Any CPU
		{FEBF084F-F7A2-43DE-B274-13CFB702CA09}.Debug|Any CPU.ActiveCfg = Debug|Any CPU
		{FEBF084F-F7A2-43DE-B274-13CFB702CA09}.Debug|Any CPU.Build.0 = Debug|Any CPU
		{FEBF084F-F7A2-43DE-B274-13CFB702CA09}.Release|Any CPU.ActiveCfg = Release|Any CPU
		{FEBF084F-F7A2-43DE-B274-13CFB702CA09}.Release|Any CPU.Build.0 = Release|Any CPU
		{D3362253-A22C-484F-91D0-D04107418435}.Debug|Any CPU.ActiveCfg = Debug|Any CPU
		{D3362253-A22C-484F-91D0-D04107418435}.Debug|Any CPU.Build.0 = Debug|Any CPU
		{D3362253-A22C-484F-91D0-D04107418435}.Release|Any CPU.ActiveCfg = Release|Any CPU
		{D3362253-A22C-484F-91D0-D04107418435}.Release|Any CPU.Build.0 = Release|Any CPU
		{794792CA-C2BA-41E1-BA6F-BC7BA4129D9A}.Debug|Any CPU.ActiveCfg = Debug|Any CPU
		{794792CA-C2BA-41E1-BA6F-BC7BA4129D9A}.Debug|Any CPU.Build.0 = Debug|Any CPU
		{794792CA-C2BA-41E1-BA6F-BC7BA4129D9A}.Release|Any CPU.ActiveCfg = Release|Any CPU
		{794792CA-C2BA-41E1-BA6F-BC7BA4129D9A}.Release|Any CPU.Build.0 = Release|Any CPU
		{2E61D287-88D5-4327-B145-12FEBBD4106B}.Debug|Any CPU.ActiveCfg = Debug|Any CPU
		{2E61D287-88D5-4327-B145-12FEBBD4106B}.Debug|Any CPU.Build.0 = Debug|Any CPU
		{2E61D287-88D5-4327-B145-12FEBBD4106B}.Release|Any CPU.ActiveCfg = Release|Any CPU
		{2E61D287-88D5-4327-B145-12FEBBD4106B}.Release|Any CPU.Build.0 = Release|Any CPU
	EndGlobalSection
	GlobalSection(SolutionProperties) = preSolution
		HideSolutionNode = FALSE
	EndGlobalSection
	GlobalSection(NestedProjects) = preSolution
		{2D508F15-BE49-418F-9815-B11F57F7D063} = {30934E55-0E69-43F8-8500-2FDEC6924356}
		{AB332EC5-A3BA-419A-BF62-4635B9C8F2E1} = {DE6D069E-D75E-4FF1-B859-18AC37285D99}
		{9ADE9ED6-7DCF-42B2-BE48-B79C899D0A9D} = {DE6D069E-D75E-4FF1-B859-18AC37285D99}
		{FEBF084F-F7A2-43DE-B274-13CFB702CA09} = {DE6D069E-D75E-4FF1-B859-18AC37285D99}
		{D3362253-A22C-484F-91D0-D04107418435} = {30934E55-0E69-43F8-8500-2FDEC6924356}
		{794792CA-C2BA-41E1-BA6F-BC7BA4129D9A} = {2B1923F5-EB8A-46DF-92FC-239E7BE5ED35}
		{2E61D287-88D5-4327-B145-12FEBBD4106B} = {DE6D069E-D75E-4FF1-B859-18AC37285D99}
	EndGlobalSection
EndGlobal
